
Microsoft Visual Studio Solution File, Format Version 12.00
# Visual Studio 2012
Project("{FAE04EC0-301F-11D3-BF4B-00C04F79EFBC}") = "Vermeil.Core", "Vermeil.Core\Vermeil.Core.csproj", "{2F0B89D2-B88A-4E5D-B879-7644D4A3B407}"
EndProject
Project("{FAE04EC0-301F-11D3-BF4B-00C04F79EFBC}") = "Sample", "Sample\Sample.csproj", "{D28EE25B-0A2D-4946-BB28-EFA6509B307E}"
EndProject
Project("{2150E333-8FDC-42A3-9474-1A3956D46DE8}") = ".nuget", ".nuget", "{6B9742CB-AED6-4F3C-9896-F7FB48D4D2F3}"
	ProjectSection(SolutionItems) = preProject
		.nuget\NuGet.Config = .nuget\NuGet.Config
		.nuget\NuGet.exe = .nuget\NuGet.exe
		.nuget\NuGet.targets = .nuget\NuGet.targets
	EndProjectSection
EndProject
Project("{FAE04EC0-301F-11D3-BF4B-00C04F79EFBC}") = "Vermeil", "Vermeil\Vermeil.csproj", "{8B15CDA3-6F4A-4F11-9969-697C1CF52EFE}"
EndProject
Global
	GlobalSection(SolutionConfigurationPlatforms) = preSolution
		Debug|Any CPU = Debug|Any CPU
		Debug|ARM = Debug|ARM
		Debug|x86 = Debug|x86
		Release|Any CPU = Release|Any CPU
		Release|ARM = Release|ARM
		Release|x86 = Release|x86
	EndGlobalSection
	GlobalSection(ProjectConfigurationPlatforms) = postSolution
		{2F0B89D2-B88A-4E5D-B879-7644D4A3B407}.Debug|Any CPU.ActiveCfg = Debug|Any CPU
		{2F0B89D2-B88A-4E5D-B879-7644D4A3B407}.Debug|Any CPU.Build.0 = Debug|Any CPU
		{2F0B89D2-B88A-4E5D-B879-7644D4A3B407}.Debug|ARM.ActiveCfg = Debug|ARM
		{2F0B89D2-B88A-4E5D-B879-7644D4A3B407}.Debug|ARM.Build.0 = Debug|ARM
		{2F0B89D2-B88A-4E5D-B879-7644D4A3B407}.Debug|x86.ActiveCfg = Debug|x86
		{2F0B89D2-B88A-4E5D-B879-7644D4A3B407}.Debug|x86.Build.0 = Debug|x86
		{2F0B89D2-B88A-4E5D-B879-7644D4A3B407}.Release|Any CPU.ActiveCfg = Release|Any CPU
		{2F0B89D2-B88A-4E5D-B879-7644D4A3B407}.Release|Any CPU.Build.0 = Release|Any CPU
		{2F0B89D2-B88A-4E5D-B879-7644D4A3B407}.Release|ARM.ActiveCfg = Release|ARM
		{2F0B89D2-B88A-4E5D-B879-7644D4A3B407}.Release|ARM.Build.0 = Release|ARM
		{2F0B89D2-B88A-4E5D-B879-7644D4A3B407}.Release|x86.ActiveCfg = Release|x86
		{2F0B89D2-B88A-4E5D-B879-7644D4A3B407}.Release|x86.Build.0 = Release|x86
		{D28EE25B-0A2D-4946-BB28-EFA6509B307E}.Debug|Any CPU.ActiveCfg = Debug|Any CPU
		{D28EE25B-0A2D-4946-BB28-EFA6509B307E}.Debug|Any CPU.Build.0 = Debug|Any CPU
		{D28EE25B-0A2D-4946-BB28-EFA6509B307E}.Debug|Any CPU.Deploy.0 = Debug|Any CPU
		{D28EE25B-0A2D-4946-BB28-EFA6509B307E}.Debug|ARM.ActiveCfg = Debug|ARM
		{D28EE25B-0A2D-4946-BB28-EFA6509B307E}.Debug|ARM.Build.0 = Debug|ARM
		{D28EE25B-0A2D-4946-BB28-EFA6509B307E}.Debug|ARM.Deploy.0 = Debug|ARM
		{D28EE25B-0A2D-4946-BB28-EFA6509B307E}.Debug|x86.ActiveCfg = Debug|x86
		{D28EE25B-0A2D-4946-BB28-EFA6509B307E}.Debug|x86.Build.0 = Debug|x86
		{D28EE25B-0A2D-4946-BB28-EFA6509B307E}.Debug|x86.Deploy.0 = Debug|x86
		{D28EE25B-0A2D-4946-BB28-EFA6509B307E}.Release|Any CPU.ActiveCfg = Release|Any CPU
		{D28EE25B-0A2D-4946-BB28-EFA6509B307E}.Release|Any CPU.Build.0 = Release|Any CPU
		{D28EE25B-0A2D-4946-BB28-EFA6509B307E}.Release|Any CPU.Deploy.0 = Release|Any CPU
		{D28EE25B-0A2D-4946-BB28-EFA6509B307E}.Release|ARM.ActiveCfg = Release|ARM
		{D28EE25B-0A2D-4946-BB28-EFA6509B307E}.Release|ARM.Build.0 = Release|ARM
		{D28EE25B-0A2D-4946-BB28-EFA6509B307E}.Release|ARM.Deploy.0 = Release|ARM
		{D28EE25B-0A2D-4946-BB28-EFA6509B307E}.Release|x86.ActiveCfg = Release|x86
		{D28EE25B-0A2D-4946-BB28-EFA6509B307E}.Release|x86.Build.0 = Release|x86
		{D28EE25B-0A2D-4946-BB28-EFA6509B307E}.Release|x86.Deploy.0 = Release|x86
		{8B15CDA3-6F4A-4F11-9969-697C1CF52EFE}.Debug|Any CPU.ActiveCfg = Debug|Any CPU
		{8B15CDA3-6F4A-4F11-9969-697C1CF52EFE}.Debug|Any CPU.Build.0 = Debug|Any CPU
		{8B15CDA3-6F4A-4F11-9969-697C1CF52EFE}.Debug|ARM.ActiveCfg = Debug|ARM
		{8B15CDA3-6F4A-4F11-9969-697C1CF52EFE}.Debug|ARM.Build.0 = Debug|ARM
		{8B15CDA3-6F4A-4F11-9969-697C1CF52EFE}.Debug|x86.ActiveCfg = Debug|x86
		{8B15CDA3-6F4A-4F11-9969-697C1CF52EFE}.Debug|x86.Build.0 = Debug|x86
		{8B15CDA3-6F4A-4F11-9969-697C1CF52EFE}.Release|Any CPU.ActiveCfg = Release|Any CPU
		{8B15CDA3-6F4A-4F11-9969-697C1CF52EFE}.Release|Any CPU.Build.0 = Release|Any CPU
		{8B15CDA3-6F4A-4F11-9969-697C1CF52EFE}.Release|ARM.ActiveCfg = Release|ARM
		{8B15CDA3-6F4A-4F11-9969-697C1CF52EFE}.Release|ARM.Build.0 = Release|ARM
		{8B15CDA3-6F4A-4F11-9969-697C1CF52EFE}.Release|x86.ActiveCfg = Release|x86
		{8B15CDA3-6F4A-4F11-9969-697C1CF52EFE}.Release|x86.Build.0 = Release|x86
	EndGlobalSection
	GlobalSection(SolutionProperties) = preSolution
		HideSolutionNode = FALSE
	EndGlobalSection
EndGlobal
